
Microsoft Visual Studio Solution File, Format Version 12.00
# Visual Studio Version 16
VisualStudioVersion = 16.0.30611.23
MinimumVisualStudioVersion = 10.0.40219.1
Project("{9A19103F-16F7-4668-BE54-9A1E7A4F7556}") = "Christmas", "Christmas.csproj", "{1CEFD4EF-9FE1-4497-A592-C9F915D05DE0}"
EndProject
Global
	GlobalSection(SolutionConfigurationPlatforms) = preSolution
		Debug|Any CPU = Debug|Any CPU
		Release|Any CPU = Release|Any CPU
	EndGlobalSection
	GlobalSection(ProjectConfigurationPlatforms) = postSolution
		{1CEFD4EF-9FE1-4497-A592-C9F915D05DE0}.Debug|Any CPU.ActiveCfg = Debug|Any CPU
		{1CEFD4EF-9FE1-4497-A592-C9F915D05DE0}.Debug|Any CPU.Build.0 = Debug|Any CPU
		{1CEFD4EF-9FE1-4497-A592-C9F915D05DE0}.Release|Any CPU.ActiveCfg = Release|Any CPU
		{1CEFD4EF-9FE1-4497-A592-C9F915D05DE0}.Release|Any CPU.Build.0 = Release|Any CPU
	EndGlobalSection
	GlobalSection(SolutionProperties) = preSolution
		HideSolutionNode = FALSE
	EndGlobalSection
	GlobalSection(ExtensibilityGlobals) = postSolution
		SolutionGuid = {70D3E38E-E8EA-42DF-94B8-6D2C3DA1D234}
	EndGlobalSection
EndGlobal
